// !$*UTF8*$!
{
	archiveVersion = 1;
	classes = {
	};
	objectVersion = 48;
	objects = {

/* Begin PBXBuildFile section */
		171D8F4D1FC7B41900B608CF /* ResponseEstimation.swift in Sources */ = {isa = PBXBuildFile; fileRef = 171D8F4C1FC7B41900B608CF /* ResponseEstimation.swift */; };
		17215BFF1FDF43B700912238 /* TestSortNCount.metal in Sources */ = {isa = PBXBuildFile; fileRef = 17215BFA1FDF321800912238 /* TestSortNCount.metal */; };
		17215C011FDF444800912238 /* SortAndCount.h in Headers */ = {isa = PBXBuildFile; fileRef = 177753051FD1C88B00C427E8 /* SortAndCount.h */; };
		177753041FD1C81200C427E8 /* responseSumShader.metal in Sources */ = {isa = PBXBuildFile; fileRef = 177753031FD1C81200C427E8 /* responseSumShader.metal */; };
		177753101FD3431300C427E8 /* calculateHDR.h in Headers */ = {isa = PBXBuildFile; fileRef = 17ACF5371FBBC57300BFBF41 /* calculateHDR.h */; };
		177753141FD382FC00C427E8 /* getCardinality.metal in Sources */ = {isa = PBXBuildFile; fileRef = 177753131FD382FC00C427E8 /* getCardinality.metal */; };
		177753171FD4A6AA00C427E8 /* binReduction.metal in Sources */ = {isa = PBXBuildFile; fileRef = 177753161FD4A6AA00C427E8 /* binReduction.metal */; };
		17832CFD1FB49C1500E19938 /* CoreImage_HDR.framework in Frameworks */ = {isa = PBXBuildFile; fileRef = 17832CF31FB49C1500E19938 /* CoreImage_HDR.framework */; };
		17832D021FB49C1500E19938 /* CoreImage_HDRTests.swift in Sources */ = {isa = PBXBuildFile; fileRef = 17832D011FB49C1500E19938 /* CoreImage_HDRTests.swift */; };
		17832D041FB49C1500E19938 /* CoreImage_HDR.h in Headers */ = {isa = PBXBuildFile; fileRef = 17832CF61FB49C1500E19938 /* CoreImage_HDR.h */; settings = {ATTRIBUTES = (Public, ); }; };
		17832D0E1FB49C4500E19938 /* HDRProcessor.swift in Sources */ = {isa = PBXBuildFile; fileRef = 17832D0D1FB49C4500E19938 /* HDRProcessor.swift */; };
		17A323FA1FEAF0CC00CFDAA8 /* extensions.swift in Sources */ = {isa = PBXBuildFile; fileRef = 17A323F91FEAF0CC00CFDAA8 /* extensions.swift */; };
		17A325511FEDCD0200CFDAA8 /* CardinalityShaderIO.swift in Sources */ = {isa = PBXBuildFile; fileRef = 17A325501FEDCD0200CFDAA8 /* CardinalityShaderIO.swift */; };
		17ACF53A1FBBC7C200BFBF41 /* makeHDR.metal in Sources */ = {isa = PBXBuildFile; fileRef = 17ACF5391FBBC7C200BFBF41 /* makeHDR.metal */; };
		17AEAA631FC57E2400CE17DF /* extensions.swift in Sources */ = {isa = PBXBuildFile; fileRef = 17AEAA621FC57E2400CE17DF /* extensions.swift */; };
		17B45F451FF5573F009BE0BF /* MetalKitPlus.framework in Frameworks */ = {isa = PBXBuildFile; fileRef = 17B45F441FF5573F009BE0BF /* MetalKitPlus.framework */; };
		17B45F471FF557DC009BE0BF /* ResponseCurveComputer.swift in Sources */ = {isa = PBXBuildFile; fileRef = 17B45F461FF557DC009BE0BF /* ResponseCurveComputer.swift */; };
		17E68ADB1FF1CD3E008F9DCE /* textureLoaderExtensions.swift in Sources */ = {isa = PBXBuildFile; fileRef = 17E68ADA1FF1CD3E008F9DCE /* textureLoaderExtensions.swift */; };
		17F1EFB71FF41B1800B8FAB8 /* sharedAssets.swift in Sources */ = {isa = PBXBuildFile; fileRef = 17F1EFB61FF41B1800B8FAB8 /* sharedAssets.swift */; };
/* End PBXBuildFile section */

/* Begin PBXContainerItemProxy section */
		17832CFE1FB49C1500E19938 /* PBXContainerItemProxy */ = {
			isa = PBXContainerItemProxy;
			containerPortal = 17832CEA1FB49C1500E19938 /* Project object */;
			proxyType = 1;
			remoteGlobalIDString = 17832CF21FB49C1500E19938;
			remoteInfo = "CoreImage-HDR";
		};
/* End PBXContainerItemProxy section */

/* Begin PBXFileReference section */
		171D8F4C1FC7B41900B608CF /* ResponseEstimation.swift */ = {isa = PBXFileReference; lastKnownFileType = sourcecode.swift; path = ResponseEstimation.swift; sourceTree = "<group>"; };
		17215BFA1FDF321800912238 /* TestSortNCount.metal */ = {isa = PBXFileReference; lastKnownFileType = sourcecode.metal; path = TestSortNCount.metal; sourceTree = "<group>"; };
		17215C031FDF460400912238 /* SortAndCount.h */ = {isa = PBXFileReference; fileEncoding = 4; lastKnownFileType = sourcecode.c.h; path = SortAndCount.h; sourceTree = "<group>"; };
		172259A31FDDAA18009B0925 /* colourHistogram.h */ = {isa = PBXFileReference; lastKnownFileType = sourcecode.c.h; path = colourHistogram.h; sourceTree = "<group>"; };
		177753031FD1C81200C427E8 /* responseSumShader.metal */ = {isa = PBXFileReference; lastKnownFileType = sourcecode.metal; path = responseSumShader.metal; sourceTree = "<group>"; };
		177753051FD1C88B00C427E8 /* SortAndCount.h */ = {isa = PBXFileReference; explicitFileType = sourcecode.cpp.h; path = SortAndCount.h; sourceTree = "<group>"; };
		177753131FD382FC00C427E8 /* getCardinality.metal */ = {isa = PBXFileReference; lastKnownFileType = sourcecode.metal; path = getCardinality.metal; sourceTree = "<group>"; };
		177753161FD4A6AA00C427E8 /* binReduction.metal */ = {isa = PBXFileReference; lastKnownFileType = sourcecode.metal; path = binReduction.metal; sourceTree = "<group>"; };
		17832CF31FB49C1500E19938 /* CoreImage_HDR.framework */ = {isa = PBXFileReference; explicitFileType = wrapper.framework; includeInIndex = 0; path = CoreImage_HDR.framework; sourceTree = BUILT_PRODUCTS_DIR; };
		17832CF61FB49C1500E19938 /* CoreImage_HDR.h */ = {isa = PBXFileReference; lastKnownFileType = sourcecode.c.h; path = CoreImage_HDR.h; sourceTree = "<group>"; };
		17832CF71FB49C1500E19938 /* Info.plist */ = {isa = PBXFileReference; lastKnownFileType = text.plist.xml; path = Info.plist; sourceTree = "<group>"; };
		17832CFC1FB49C1500E19938 /* CoreImage-HDRTests.xctest */ = {isa = PBXFileReference; explicitFileType = wrapper.cfbundle; includeInIndex = 0; path = "CoreImage-HDRTests.xctest"; sourceTree = BUILT_PRODUCTS_DIR; };
		17832D011FB49C1500E19938 /* CoreImage_HDRTests.swift */ = {isa = PBXFileReference; lastKnownFileType = sourcecode.swift; path = CoreImage_HDRTests.swift; sourceTree = "<group>"; };
		17832D031FB49C1500E19938 /* Info.plist */ = {isa = PBXFileReference; lastKnownFileType = text.plist.xml; path = Info.plist; sourceTree = "<group>"; };
		17832D0D1FB49C4500E19938 /* HDRProcessor.swift */ = {isa = PBXFileReference; lastKnownFileType = sourcecode.swift; path = HDRProcessor.swift; sourceTree = "<group>"; };
		17832D121FB51A0C00E19938 /* movingAverage.h */ = {isa = PBXFileReference; fileEncoding = 4; lastKnownFileType = sourcecode.c.h; path = movingAverage.h; sourceTree = "<group>"; };
		17A323F91FEAF0CC00CFDAA8 /* extensions.swift */ = {isa = PBXFileReference; lastKnownFileType = sourcecode.swift; path = extensions.swift; sourceTree = "<group>"; };
		17A325501FEDCD0200CFDAA8 /* CardinalityShaderIO.swift */ = {isa = PBXFileReference; lastKnownFileType = sourcecode.swift; path = CardinalityShaderIO.swift; sourceTree = "<group>"; };
		17ACF5371FBBC57300BFBF41 /* calculateHDR.h */ = {isa = PBXFileReference; fileEncoding = 4; lastKnownFileType = sourcecode.c.h; path = calculateHDR.h; sourceTree = "<group>"; };
		17ACF5391FBBC7C200BFBF41 /* makeHDR.metal */ = {isa = PBXFileReference; lastKnownFileType = sourcecode.metal; path = makeHDR.metal; sourceTree = "<group>"; };
		17AEAA621FC57E2400CE17DF /* extensions.swift */ = {isa = PBXFileReference; lastKnownFileType = sourcecode.swift; path = extensions.swift; sourceTree = "<group>"; };
		17B45F441FF5573F009BE0BF /* MetalKitPlus.framework */ = {isa = PBXFileReference; lastKnownFileType = wrapper.framework; path = MetalKitPlus.framework; sourceTree = "<group>"; };
		17B45F461FF557DC009BE0BF /* ResponseCurveComputer.swift */ = {isa = PBXFileReference; lastKnownFileType = sourcecode.swift; path = ResponseCurveComputer.swift; sourceTree = "<group>"; };
		17E68ADA1FF1CD3E008F9DCE /* textureLoaderExtensions.swift */ = {isa = PBXFileReference; fileEncoding = 4; lastKnownFileType = sourcecode.swift; path = textureLoaderExtensions.swift; sourceTree = "<group>"; };
		17F1EFB61FF41B1800B8FAB8 /* sharedAssets.swift */ = {isa = PBXFileReference; lastKnownFileType = sourcecode.swift; path = sharedAssets.swift; sourceTree = "<group>"; };
/* End PBXFileReference section */

/* Begin PBXFrameworksBuildPhase section */
		17832CEF1FB49C1500E19938 /* Frameworks */ = {
			isa = PBXFrameworksBuildPhase;
			buildActionMask = 2147483647;
			files = (
				17B45F451FF5573F009BE0BF /* MetalKitPlus.framework in Frameworks */,
			);
			runOnlyForDeploymentPostprocessing = 0;
		};
		17832CF91FB49C1500E19938 /* Frameworks */ = {
			isa = PBXFrameworksBuildPhase;
			buildActionMask = 2147483647;
			files = (
				17832CFD1FB49C1500E19938 /* CoreImage_HDR.framework in Frameworks */,
			);
			runOnlyForDeploymentPostprocessing = 0;
		};
/* End PBXFrameworksBuildPhase section */

/* Begin PBXGroup section */
		17215BFC1FDF321F00912238 /* ShaderTests */ = {
			isa = PBXGroup;
			children = (
				17215C031FDF460400912238 /* SortAndCount.h */,
				17215BFA1FDF321800912238 /* TestSortNCount.metal */,
			);
			name = ShaderTests;
			sourceTree = "<group>";
		};
		175005351FBA608D005F6856 /* Framework */ = {
			isa = PBXGroup;
			children = (
				17832CF61FB49C1500E19938 /* CoreImage_HDR.h */,
				17832CF71FB49C1500E19938 /* Info.plist */,
			);
			name = Framework;
			sourceTree = "<group>";
		};
		177753111FD3435500C427E8 /* Shaders */ = {
			isa = PBXGroup;
			children = (
				177753121FD3440700C427E8 /* Headers */,
				177753151FD4A69400C427E8 /* ResponseShader */,
				17ACF5391FBBC7C200BFBF41 /* makeHDR.metal */,
			);
			path = Shaders;
			sourceTree = "<group>";
		};
		177753121FD3440700C427E8 /* Headers */ = {
			isa = PBXGroup;
			children = (
				17ACF5371FBBC57300BFBF41 /* calculateHDR.h */,
				17832D121FB51A0C00E19938 /* movingAverage.h */,
				172259A31FDDAA18009B0925 /* colourHistogram.h */,
				177753051FD1C88B00C427E8 /* SortAndCount.h */,
			);
			name = Headers;
			sourceTree = "<group>";
		};
		177753151FD4A69400C427E8 /* ResponseShader */ = {
			isa = PBXGroup;
			children = (
				177753031FD1C81200C427E8 /* responseSumShader.metal */,
				177753131FD382FC00C427E8 /* getCardinality.metal */,
				177753161FD4A6AA00C427E8 /* binReduction.metal */,
			);
			name = ResponseShader;
			sourceTree = "<group>";
		};
		17832CE91FB49C1500E19938 = {
			isa = PBXGroup;
			children = (
				17B45F441FF5573F009BE0BF /* MetalKitPlus.framework */,
				17832CF51FB49C1500E19938 /* CoreImage-HDR */,
				17832D001FB49C1500E19938 /* CoreImage-HDRTests */,
				17832CF41FB49C1500E19938 /* Products */,
			);
			sourceTree = "<group>";
		};
		17832CF41FB49C1500E19938 /* Products */ = {
			isa = PBXGroup;
			children = (
				17832CF31FB49C1500E19938 /* CoreImage_HDR.framework */,
				17832CFC1FB49C1500E19938 /* CoreImage-HDRTests.xctest */,
			);
			name = Products;
			sourceTree = "<group>";
		};
		17832CF51FB49C1500E19938 /* CoreImage-HDR */ = {
			isa = PBXGroup;
			children = (
				17A3254D1FEDCA1E00CFDAA8 /* ResponseFunc */,
				177753111FD3435500C427E8 /* Shaders */,
				17AEAA621FC57E2400CE17DF /* extensions.swift */,
				17E68ADA1FF1CD3E008F9DCE /* textureLoaderExtensions.swift */,
				175005351FBA608D005F6856 /* Framework */,
				171D8F4C1FC7B41900B608CF /* ResponseEstimation.swift */,
				17832D0D1FB49C4500E19938 /* HDRProcessor.swift */,
			);
			path = "CoreImage-HDR";
			sourceTree = "<group>";
		};
		17832D001FB49C1500E19938 /* CoreImage-HDRTests */ = {
			isa = PBXGroup;
			children = (
				17832D011FB49C1500E19938 /* CoreImage_HDRTests.swift */,
				17832D031FB49C1500E19938 /* Info.plist */,
				17215BFC1FDF321F00912238 /* ShaderTests */,
				17A323F91FEAF0CC00CFDAA8 /* extensions.swift */,
			);
			path = "CoreImage-HDRTests";
			sourceTree = "<group>";
		};
		17A3254D1FEDCA1E00CFDAA8 /* ResponseFunc */ = {
			isa = PBXGroup;
			children = (
				17B45F481FF557E3009BE0BF /* ShaderIOs */,
				17B45F461FF557DC009BE0BF /* ResponseCurveComputer.swift */,
				17F1EFB61FF41B1800B8FAB8 /* sharedAssets.swift */,
			);
			path = ResponseFunc;
			sourceTree = "<group>";
		};
		17B45F481FF557E3009BE0BF /* ShaderIOs */ = {
			isa = PBXGroup;
			children = (
				17A325501FEDCD0200CFDAA8 /* CardinalityShaderIO.swift */,
			);
			path = ShaderIOs;
			sourceTree = "<group>";
		};
/* End PBXGroup section */

/* Begin PBXHeadersBuildPhase section */
		17832CF01FB49C1500E19938 /* Headers */ = {
			isa = PBXHeadersBuildPhase;
			buildActionMask = 2147483647;
			files = (
				17215C011FDF444800912238 /* SortAndCount.h in Headers */,
				177753101FD3431300C427E8 /* calculateHDR.h in Headers */,
				17832D041FB49C1500E19938 /* CoreImage_HDR.h in Headers */,
			);
			runOnlyForDeploymentPostprocessing = 0;
		};
/* End PBXHeadersBuildPhase section */

/* Begin PBXNativeTarget section */
		17832CF21FB49C1500E19938 /* CoreImage-HDR */ = {
			isa = PBXNativeTarget;
			buildConfigurationList = 17832D071FB49C1500E19938 /* Build configuration list for PBXNativeTarget "CoreImage-HDR" */;
			buildPhases = (
				17832CEE1FB49C1500E19938 /* Sources */,
				17832CEF1FB49C1500E19938 /* Frameworks */,
				17832CF01FB49C1500E19938 /* Headers */,
				17832CF11FB49C1500E19938 /* Resources */,
			);
			buildRules = (
			);
			dependencies = (
			);
			name = "CoreImage-HDR";
			productName = "CoreImage-HDR";
			productReference = 17832CF31FB49C1500E19938 /* CoreImage_HDR.framework */;
			productType = "com.apple.product-type.framework";
		};
		17832CFB1FB49C1500E19938 /* CoreImage-HDRTests */ = {
			isa = PBXNativeTarget;
			buildConfigurationList = 17832D0A1FB49C1500E19938 /* Build configuration list for PBXNativeTarget "CoreImage-HDRTests" */;
			buildPhases = (
				17832CF81FB49C1500E19938 /* Sources */,
				17832CF91FB49C1500E19938 /* Frameworks */,
				17832CFA1FB49C1500E19938 /* Resources */,
			);
			buildRules = (
			);
			dependencies = (
				17832CFF1FB49C1500E19938 /* PBXTargetDependency */,
			);
			name = "CoreImage-HDRTests";
			productName = "CoreImage-HDRTests";
			productReference = 17832CFC1FB49C1500E19938 /* CoreImage-HDRTests.xctest */;
			productType = "com.apple.product-type.bundle.unit-test";
		};
/* End PBXNativeTarget section */

/* Begin PBXProject section */
		17832CEA1FB49C1500E19938 /* Project object */ = {
			isa = PBXProject;
			attributes = {
				LastSwiftUpdateCheck = 0910;
				LastUpgradeCheck = 0910;
				ORGANIZATIONNAME = "Philipp Waxweiler";
				TargetAttributes = {
					17832CF21FB49C1500E19938 = {
						CreatedOnToolsVersion = 9.1;
						LastSwiftMigration = 0910;
						ProvisioningStyle = Automatic;
					};
					17832CFB1FB49C1500E19938 = {
						CreatedOnToolsVersion = 9.1;
						ProvisioningStyle = Automatic;
					};
				};
			};
			buildConfigurationList = 17832CED1FB49C1500E19938 /* Build configuration list for PBXProject "CoreImage-HDR" */;
			compatibilityVersion = "Xcode 8.0";
			developmentRegion = en;
			hasScannedForEncodings = 0;
			knownRegions = (
				en,
			);
			mainGroup = 17832CE91FB49C1500E19938;
			productRefGroup = 17832CF41FB49C1500E19938 /* Products */;
			projectDirPath = "";
			projectRoot = "";
			targets = (
				17832CF21FB49C1500E19938 /* CoreImage-HDR */,
				17832CFB1FB49C1500E19938 /* CoreImage-HDRTests */,
			);
		};
/* End PBXProject section */

/* Begin PBXResourcesBuildPhase section */
		17832CF11FB49C1500E19938 /* Resources */ = {
			isa = PBXResourcesBuildPhase;
			buildActionMask = 2147483647;
			files = (
			);
			runOnlyForDeploymentPostprocessing = 0;
		};
		17832CFA1FB49C1500E19938 /* Resources */ = {
			isa = PBXResourcesBuildPhase;
			buildActionMask = 2147483647;
			files = (
			);
			runOnlyForDeploymentPostprocessing = 0;
		};
/* End PBXResourcesBuildPhase section */

/* Begin PBXSourcesBuildPhase section */
		17832CEE1FB49C1500E19938 /* Sources */ = {
			isa = PBXSourcesBuildPhase;
			buildActionMask = 2147483647;
			files = (
				17832D0E1FB49C4500E19938 /* HDRProcessor.swift in Sources */,
				17F1EFB71FF41B1800B8FAB8 /* sharedAssets.swift in Sources */,
				171D8F4D1FC7B41900B608CF /* ResponseEstimation.swift in Sources */,
				177753041FD1C81200C427E8 /* responseSumShader.metal in Sources */,
				17ACF53A1FBBC7C200BFBF41 /* makeHDR.metal in Sources */,
				17E68ADB1FF1CD3E008F9DCE /* textureLoaderExtensions.swift in Sources */,
				17AEAA631FC57E2400CE17DF /* extensions.swift in Sources */,
				177753141FD382FC00C427E8 /* getCardinality.metal in Sources */,
				17B45F471FF557DC009BE0BF /* ResponseCurveComputer.swift in Sources */,
				177753171FD4A6AA00C427E8 /* binReduction.metal in Sources */,
				17A325511FEDCD0200CFDAA8 /* CardinalityShaderIO.swift in Sources */,
			);
			runOnlyForDeploymentPostprocessing = 0;
		};
		17832CF81FB49C1500E19938 /* Sources */ = {
			isa = PBXSourcesBuildPhase;
			buildActionMask = 2147483647;
			files = (
				17832D021FB49C1500E19938 /* CoreImage_HDRTests.swift in Sources */,
				17215BFF1FDF43B700912238 /* TestSortNCount.metal in Sources */,
				17A323FA1FEAF0CC00CFDAA8 /* extensions.swift in Sources */,
			);
			runOnlyForDeploymentPostprocessing = 0;
		};
/* End PBXSourcesBuildPhase section */

/* Begin PBXTargetDependency section */
		17832CFF1FB49C1500E19938 /* PBXTargetDependency */ = {
			isa = PBXTargetDependency;
			target = 17832CF21FB49C1500E19938 /* CoreImage-HDR */;
			targetProxy = 17832CFE1FB49C1500E19938 /* PBXContainerItemProxy */;
		};
/* End PBXTargetDependency section */

/* Begin XCBuildConfiguration section */
		17832D051FB49C1500E19938 /* Debug */ = {
			isa = XCBuildConfiguration;
			buildSettings = {
				ALWAYS_SEARCH_USER_PATHS = NO;
				CLANG_ANALYZER_NONNULL = YES;
				CLANG_ANALYZER_NUMBER_OBJECT_CONVERSION = YES_AGGRESSIVE;
				CLANG_CXX_LANGUAGE_STANDARD = "gnu++14";
				CLANG_CXX_LIBRARY = "libc++";
				CLANG_ENABLE_MODULES = YES;
				CLANG_ENABLE_OBJC_ARC = YES;
				CLANG_WARN_BLOCK_CAPTURE_AUTORELEASING = YES;
				CLANG_WARN_BOOL_CONVERSION = YES;
				CLANG_WARN_COMMA = YES;
				CLANG_WARN_CONSTANT_CONVERSION = YES;
				CLANG_WARN_DIRECT_OBJC_ISA_USAGE = YES_ERROR;
				CLANG_WARN_DOCUMENTATION_COMMENTS = YES;
				CLANG_WARN_EMPTY_BODY = YES;
				CLANG_WARN_ENUM_CONVERSION = YES;
				CLANG_WARN_INFINITE_RECURSION = YES;
				CLANG_WARN_INT_CONVERSION = YES;
				CLANG_WARN_NON_LITERAL_NULL_CONVERSION = YES;
				CLANG_WARN_OBJC_LITERAL_CONVERSION = YES;
				CLANG_WARN_OBJC_ROOT_CLASS = YES_ERROR;
				CLANG_WARN_RANGE_LOOP_ANALYSIS = YES;
				CLANG_WARN_STRICT_PROTOTYPES = YES;
				CLANG_WARN_SUSPICIOUS_MOVE = YES;
				CLANG_WARN_UNGUARDED_AVAILABILITY = YES_AGGRESSIVE;
				CLANG_WARN_UNREACHABLE_CODE = YES;
				CLANG_WARN__DUPLICATE_METHOD_MATCH = YES;
				CODE_SIGN_IDENTITY = "Mac Developer";
				COPY_PHASE_STRIP = NO;
				CURRENT_PROJECT_VERSION = 1;
				DEBUG_INFORMATION_FORMAT = dwarf;
				ENABLE_STRICT_OBJC_MSGSEND = YES;
				ENABLE_TESTABILITY = YES;
				GCC_C_LANGUAGE_STANDARD = gnu11;
				GCC_DYNAMIC_NO_PIC = NO;
				GCC_NO_COMMON_BLOCKS = YES;
				GCC_OPTIMIZATION_LEVEL = 0;
				GCC_PREPROCESSOR_DEFINITIONS = (
					"DEBUG=1",
					"$(inherited)",
				);
				GCC_WARN_64_TO_32_BIT_CONVERSION = YES;
				GCC_WARN_ABOUT_RETURN_TYPE = YES_ERROR;
				GCC_WARN_UNDECLARED_SELECTOR = YES;
				GCC_WARN_UNINITIALIZED_AUTOS = YES_AGGRESSIVE;
				GCC_WARN_UNUSED_FUNCTION = YES;
				GCC_WARN_UNUSED_VARIABLE = YES;
				MACOSX_DEPLOYMENT_TARGET = 10.13;
				MTL_ENABLE_DEBUG_INFO = YES;
				ONLY_ACTIVE_ARCH = YES;
				SDKROOT = macosx;
				SWIFT_ACTIVE_COMPILATION_CONDITIONS = DEBUG;
				SWIFT_OPTIMIZATION_LEVEL = "-Onone";
				VERSIONING_SYSTEM = "apple-generic";
				VERSION_INFO_PREFIX = "";
			};
			name = Debug;
		};
		17832D061FB49C1500E19938 /* Release */ = {
			isa = XCBuildConfiguration;
			buildSettings = {
				ALWAYS_SEARCH_USER_PATHS = NO;
				CLANG_ANALYZER_NONNULL = YES;
				CLANG_ANALYZER_NUMBER_OBJECT_CONVERSION = YES_AGGRESSIVE;
				CLANG_CXX_LANGUAGE_STANDARD = "gnu++14";
				CLANG_CXX_LIBRARY = "libc++";
				CLANG_ENABLE_MODULES = YES;
				CLANG_ENABLE_OBJC_ARC = YES;
				CLANG_WARN_BLOCK_CAPTURE_AUTORELEASING = YES;
				CLANG_WARN_BOOL_CONVERSION = YES;
				CLANG_WARN_COMMA = YES;
				CLANG_WARN_CONSTANT_CONVERSION = YES;
				CLANG_WARN_DIRECT_OBJC_ISA_USAGE = YES_ERROR;
				CLANG_WARN_DOCUMENTATION_COMMENTS = YES;
				CLANG_WARN_EMPTY_BODY = YES;
				CLANG_WARN_ENUM_CONVERSION = YES;
				CLANG_WARN_INFINITE_RECURSION = YES;
				CLANG_WARN_INT_CONVERSION = YES;
				CLANG_WARN_NON_LITERAL_NULL_CONVERSION = YES;
				CLANG_WARN_OBJC_LITERAL_CONVERSION = YES;
				CLANG_WARN_OBJC_ROOT_CLASS = YES_ERROR;
				CLANG_WARN_RANGE_LOOP_ANALYSIS = YES;
				CLANG_WARN_STRICT_PROTOTYPES = YES;
				CLANG_WARN_SUSPICIOUS_MOVE = YES;
				CLANG_WARN_UNGUARDED_AVAILABILITY = YES_AGGRESSIVE;
				CLANG_WARN_UNREACHABLE_CODE = YES;
				CLANG_WARN__DUPLICATE_METHOD_MATCH = YES;
				CODE_SIGN_IDENTITY = "Mac Developer";
				COPY_PHASE_STRIP = NO;
				CURRENT_PROJECT_VERSION = 1;
				DEBUG_INFORMATION_FORMAT = "dwarf-with-dsym";
				ENABLE_NS_ASSERTIONS = NO;
				ENABLE_STRICT_OBJC_MSGSEND = YES;
				GCC_C_LANGUAGE_STANDARD = gnu11;
				GCC_NO_COMMON_BLOCKS = YES;
				GCC_WARN_64_TO_32_BIT_CONVERSION = YES;
				GCC_WARN_ABOUT_RETURN_TYPE = YES_ERROR;
				GCC_WARN_UNDECLARED_SELECTOR = YES;
				GCC_WARN_UNINITIALIZED_AUTOS = YES_AGGRESSIVE;
				GCC_WARN_UNUSED_FUNCTION = YES;
				GCC_WARN_UNUSED_VARIABLE = YES;
				MACOSX_DEPLOYMENT_TARGET = 10.13;
				MTL_ENABLE_DEBUG_INFO = NO;
				SDKROOT = macosx;
				SWIFT_OPTIMIZATION_LEVEL = "-Owholemodule";
				VERSIONING_SYSTEM = "apple-generic";
				VERSION_INFO_PREFIX = "";
			};
			name = Release;
		};
		17832D081FB49C1500E19938 /* Debug */ = {
			isa = XCBuildConfiguration;
			buildSettings = {
				CLANG_ENABLE_MODULES = YES;
				CODE_SIGN_IDENTITY = "";
				CODE_SIGN_STYLE = Automatic;
				COMBINE_HIDPI_IMAGES = YES;
				DEFINES_MODULE = YES;
				DEVELOPMENT_TEAM = 529Y8Q5FKY;
				DYLIB_COMPATIBILITY_VERSION = 1;
				DYLIB_CURRENT_VERSION = 1;
				DYLIB_INSTALL_NAME_BASE = "@rpath";
				FRAMEWORK_SEARCH_PATHS = (
					"$(inherited)",
					"$(PROJECT_DIR)",
				);
				FRAMEWORK_VERSION = A;
				INFOPLIST_FILE = "CoreImage-HDR/Info.plist";
				INSTALL_PATH = "$(LOCAL_LIBRARY_DIR)/Frameworks";
				LD_RUNPATH_SEARCH_PATHS = "$(inherited) @executable_path/../Frameworks @loader_path/Frameworks";
				MACOSX_DEPLOYMENT_TARGET = 10.13;
				PRODUCT_BUNDLE_IDENTIFIER = "PhilippWaxweiler.CoreImage-HDR";
				PRODUCT_NAME = "$(TARGET_NAME:c99extidentifier)";
				SKIP_INSTALL = YES;
				SWIFT_OPTIMIZATION_LEVEL = "-Onone";
				SWIFT_VERSION = 4.0;
			};
			name = Debug;
		};
		17832D091FB49C1500E19938 /* Release */ = {
			isa = XCBuildConfiguration;
			buildSettings = {
				CLANG_ENABLE_MODULES = YES;
				CODE_SIGN_IDENTITY = "";
				CODE_SIGN_STYLE = Automatic;
				COMBINE_HIDPI_IMAGES = YES;
				DEFINES_MODULE = YES;
				DEVELOPMENT_TEAM = 529Y8Q5FKY;
				DYLIB_COMPATIBILITY_VERSION = 1;
				DYLIB_CURRENT_VERSION = 1;
				DYLIB_INSTALL_NAME_BASE = "@rpath";
				FRAMEWORK_SEARCH_PATHS = (
					"$(inherited)",
					"$(PROJECT_DIR)",
				);
				FRAMEWORK_VERSION = A;
				INFOPLIST_FILE = "CoreImage-HDR/Info.plist";
				INSTALL_PATH = "$(LOCAL_LIBRARY_DIR)/Frameworks";
				LD_RUNPATH_SEARCH_PATHS = "$(inherited) @executable_path/../Frameworks @loader_path/Frameworks";
				MACOSX_DEPLOYMENT_TARGET = 10.13;
				PRODUCT_BUNDLE_IDENTIFIER = "PhilippWaxweiler.CoreImage-HDR";
				PRODUCT_NAME = "$(TARGET_NAME:c99extidentifier)";
				SKIP_INSTALL = YES;
				SWIFT_VERSION = 4.0;
			};
			name = Release;
		};
		17832D0B1FB49C1500E19938 /* Debug */ = {
			isa = XCBuildConfiguration;
			buildSettings = {
				ALWAYS_EMBED_SWIFT_STANDARD_LIBRARIES = YES;
				CODE_SIGN_STYLE = Automatic;
				COMBINE_HIDPI_IMAGES = YES;
				DEVELOPMENT_TEAM = 529Y8Q5FKY;
				FRAMEWORK_SEARCH_PATHS = (
					"$(inherited)",
					"$(PROJECT_DIR)",
				);
				INFOPLIST_FILE = "CoreImage-HDRTests/Info.plist";
				LD_RUNPATH_SEARCH_PATHS = "$(inherited) @executable_path/../Frameworks @loader_path/../Frameworks $(PROJECT_DIR)";
				PRODUCT_BUNDLE_IDENTIFIER = "PhilippWaxweiler.CoreImage-HDRTests";
				PRODUCT_NAME = "$(TARGET_NAME)";
				SWIFT_VERSION = 4.0;
			};
			name = Debug;
		};
		17832D0C1FB49C1500E19938 /* Release */ = {
			isa = XCBuildConfiguration;
			buildSettings = {
				ALWAYS_EMBED_SWIFT_STANDARD_LIBRARIES = YES;
				CODE_SIGN_STYLE = Automatic;
				COMBINE_HIDPI_IMAGES = YES;
				DEVELOPMENT_TEAM = 529Y8Q5FKY;
				FRAMEWORK_SEARCH_PATHS = (
					"$(inherited)",
					"$(PROJECT_DIR)",
				);
				INFOPLIST_FILE = "CoreImage-HDRTests/Info.plist";
				LD_RUNPATH_SEARCH_PATHS = "$(inherited) @executable_path/../Frameworks @loader_path/../Frameworks $(PROJECT_DIR)";
				PRODUCT_BUNDLE_IDENTIFIER = "PhilippWaxweiler.CoreImage-HDRTests";
				PRODUCT_NAME = "$(TARGET_NAME)";
				SWIFT_VERSION = 4.0;
			};
			name = Release;
		};
/* End XCBuildConfiguration section */

/* Begin XCConfigurationList section */
		17832CED1FB49C1500E19938 /* Build configuration list for PBXProject "CoreImage-HDR" */ = {
			isa = XCConfigurationList;
			buildConfigurations = (
				17832D051FB49C1500E19938 /* Debug */,
				17832D061FB49C1500E19938 /* Release */,
			);
			defaultConfigurationIsVisible = 0;
			defaultConfigurationName = Release;
		};
		17832D071FB49C1500E19938 /* Build configuration list for PBXNativeTarget "CoreImage-HDR" */ = {
			isa = XCConfigurationList;
			buildConfigurations = (
				17832D081FB49C1500E19938 /* Debug */,
				17832D091FB49C1500E19938 /* Release */,
			);
			defaultConfigurationIsVisible = 0;
			defaultConfigurationName = Release;
		};
		17832D0A1FB49C1500E19938 /* Build configuration list for PBXNativeTarget "CoreImage-HDRTests" */ = {
			isa = XCConfigurationList;
			buildConfigurations = (
				17832D0B1FB49C1500E19938 /* Debug */,
				17832D0C1FB49C1500E19938 /* Release */,
			);
			defaultConfigurationIsVisible = 0;
			defaultConfigurationName = Release;
		};
/* End XCConfigurationList section */
	};
	rootObject = 17832CEA1FB49C1500E19938 /* Project object */;
}
